Microsoft Visual Studio Solution File, Format Version 11.00
# Visual Studio 2010
Project("{8BC9CEB8-8B4A-11D0-8D11-00A0C91BC942}") = "quake3", "quake3.vcxproj", "{48358276-C1D4-837D-23E7-EBEF30D297C2}"
	ProjectSection(ProjectDependencies) = postProject
		{4C31F057-0BE2-CE0D-972F-13C15BB3B7F6} = {4C31F057-0BE2-CE0D-972F-13C15BB3B7F6}
		{7BFACEC9-8824-80B0-DBA1-30A3B6C0B65B} = {7BFACEC9-8824-80B0-DBA1-30A3B6C0B65B}
	EndProjectSection
EndProject
Project("{8BC9CEB8-8B4A-11D0-8D11-00A0C91BC942}") = "q3_ui", "q3_ui\q3_ui.vcxproj", "{A5A87092-6FEE-0885-622B-002D19DF886B}"
EndProject
Project("{8BC9CEB8-8B4A-11D0-8D11-00A0C91BC942}") = "cgame", "cgame\cgame.vcxproj", "{C2942E95-FE5A-7140-C977-DD797E4C2798}"
EndProject
Project("{8BC9CEB8-8B4A-11D0-8D11-00A0C91BC942}") = "game", "game\game.vcxproj", "{DCC93382-D162-ABBD-7422-E8E653E9B113}"
EndProject
Project("{8BC9CEB8-8B4A-11D0-8D11-00A0C91BC942}") = "botlib", "botlib\botlib.vcxproj", "{7BFACEC9-8824-80B0-DBA1-30A3B6C0B65B}"
EndProject
Project("{8BC9CEB8-8B4A-11D0-8D11-00A0C91BC942}") = "renderer", "renderer\renderer.vcxproj", "{4C31F057-0BE2-CE0D-972F-13C15BB3B7F6}"
EndProject
Global
	GlobalSection(SolutionConfigurationPlatforms) = preSolution
		Debug Alpha|Win32 = Debug Alpha|Win32
		Debug TA DEMO|Win32 = Debug TA DEMO|Win32
		Debug TA|Win32 = Debug TA|Win32
		Debug|Win32 = Debug|Win32
		Release Alpha|Win32 = Release Alpha|Win32
		Release TA DEMO|Win32 = Release TA DEMO|Win32
		Release TA|Win32 = Release TA|Win32
		Release|Win32 = Release|Win32
		vector|Win32 = vector|Win32
	EndGlobalSection
	GlobalSection(ProjectConfigurationPlatforms) = postSolution
		{48358276-C1D4-837D-23E7-EBEF30D297C2}.Debug Alpha|Win32.ActiveCfg = Debug TA|Win32
		{48358276-C1D4-837D-23E7-EBEF30D297C2}.Debug Alpha|Win32.Build.0 = Debug TA|Win32
		{48358276-C1D4-837D-23E7-EBEF30D297C2}.Debug TA DEMO|Win32.ActiveCfg = Debug TA DEMO|Win32
		{48358276-C1D4-837D-23E7-EBEF30D297C2}.Debug TA DEMO|Win32.Build.0 = Debug TA DEMO|Win32
		{48358276-C1D4-837D-23E7-EBEF30D297C2}.Debug TA|Win32.ActiveCfg = Debug TA|Win32
		{48358276-C1D4-837D-23E7-EBEF30D297C2}.Debug TA|Win32.Build.0 = Debug TA|Win32
		{48358276-C1D4-837D-23E7-EBEF30D297C2}.Debug|Win32.ActiveCfg = Debug|Win32
		{48358276-C1D4-837D-23E7-EBEF30D297C2}.Debug|Win32.Build.0 = Debug|Win32
		{48358276-C1D4-837D-23E7-EBEF30D297C2}.Release Alpha|Win32.ActiveCfg = Release TA|Win32
		{48358276-C1D4-837D-23E7-EBEF30D297C2}.Release Alpha|Win32.Build.0 = Release TA|Win32
		{48358276-C1D4-837D-23E7-EBEF30D297C2}.Release TA DEMO|Win32.ActiveCfg = Release TA DEMO|Win32
		{48358276-C1D4-837D-23E7-EBEF30D297C2}.Release TA DEMO|Win32.Build.0 = Release TA DEMO|Win32
		{48358276-C1D4-837D-23E7-EBEF30D297C2}.Release TA|Win32.ActiveCfg = Release TA|Win32
		{48358276-C1D4-837D-23E7-EBEF30D297C2}.Release TA|Win32.Build.0 = Release TA|Win32
		{48358276-C1D4-837D-23E7-EBEF30D297C2}.Release|Win32.ActiveCfg = Release|Win32
		{48358276-C1D4-837D-23E7-EBEF30D297C2}.Release|Win32.Build.0 = Release|Win32
		{48358276-C1D4-837D-23E7-EBEF30D297C2}.vector|Win32.ActiveCfg = vector|Win32
		{48358276-C1D4-837D-23E7-EBEF30D297C2}.vector|Win32.Build.0 = vector|Win32
		{A5A87092-6FEE-0885-622B-002D19DF886B}.Debug Alpha|Win32.ActiveCfg = Debug TA|Win32
		{A5A87092-6FEE-0885-622B-002D19DF886B}.Debug Alpha|Win32.Build.0 = Debug TA|Win32
		{A5A87092-6FEE-0885-622B-002D19DF886B}.Debug TA DEMO|Win32.ActiveCfg = Debug TA|Win32
		{A5A87092-6FEE-0885-622B-002D19DF886B}.Debug TA DEMO|Win32.Build.0 = Debug TA|Win32
		{A5A87092-6FEE-0885-622B-002D19DF886B}.Debug TA|Win32.ActiveCfg = Debug TA|Win32
		{A5A87092-6FEE-0885-622B-002D19DF886B}.Debug TA|Win32.Build.0 = Debug TA|Win32
		{A5A87092-6FEE-0885-622B-002D19DF886B}.Debug|Win32.ActiveCfg = Debug|Win32
		{A5A87092-6FEE-0885-622B-002D19DF886B}.Debug|Win32.Build.0 = Debug|Win32
		{A5A87092-6FEE-0885-622B-002D19DF886B}.Release Alpha|Win32.ActiveCfg = Release TA|Win32
		{A5A87092-6FEE-0885-622B-002D19DF886B}.Release Alpha|Win32.Build.0 = Release TA|Win32
		{A5A87092-6FEE-0885-622B-002D19DF886B}.Release TA DEMO|Win32.ActiveCfg = Release TA|Win32
		{A5A87092-6FEE-0885-622B-002D19DF886B}.Release TA DEMO|Win32.Build.0 = Release TA|Win32
		{A5A87092-6FEE-0885-622B-002D19DF886B}.Release TA|Win32.ActiveCfg = Release TA|Win32
		{A5A87092-6FEE-0885-622B-002D19DF886B}.Release TA|Win32.Build.0 = Release TA|Win32
		{A5A87092-6FEE-0885-622B-002D19DF886B}.Release|Win32.ActiveCfg = Release|Win32
		{A5A87092-6FEE-0885-622B-002D19DF886B}.Release|Win32.Build.0 = Release|Win32
		{A5A87092-6FEE-0885-622B-002D19DF886B}.vector|Win32.ActiveCfg = Release|Win32
		{A5A87092-6FEE-0885-622B-002D19DF886B}.vector|Win32.Build.0 = Release|Win32
		{C2942E95-FE5A-7140-C977-DD797E4C2798}.Debug Alpha|Win32.ActiveCfg = Debug TA|Win32
		{C2942E95-FE5A-7140-C977-DD797E4C2798}.Debug Alpha|Win32.Build.0 = Debug TA|Win32
		{C2942E95-FE5A-7140-C977-DD797E4C2798}.Debug TA DEMO|Win32.ActiveCfg = Debug TA|Win32
		{C2942E95-FE5A-7140-C977-DD797E4C2798}.Debug TA DEMO|Win32.Build.0 = Debug TA|Win32
		{C2942E95-FE5A-7140-C977-DD797E4C2798}.Debug TA|Win32.ActiveCfg = Debug TA|Win32
		{C2942E95-FE5A-7140-C977-DD797E4C2798}.Debug TA|Win32.Build.0 = Debug TA|Win32
		{C2942E95-FE5A-7140-C977-DD797E4C2798}.Debug|Win32.ActiveCfg = Debug|Win32
		{C2942E95-FE5A-7140-C977-DD797E4C2798}.Debug|Win32.Build.0 = Debug|Win32
		{C2942E95-FE5A-7140-C977-DD797E4C2798}.Release Alpha|Win32.ActiveCfg = Release TA|Win32
		{C2942E95-FE5A-7140-C977-DD797E4C2798}.Release Alpha|Win32.Build.0 = Release TA|Win32
		{C2942E95-FE5A-7140-C977-DD797E4C2798}.Release TA DEMO|Win32.ActiveCfg = Release TA|Win32
		{C2942E95-FE5A-7140-C977-DD797E4C2798}.Release TA DEMO|Win32.Build.0 = Release TA|Win32
		{C2942E95-FE5A-7140-C977-DD797E4C2798}.Release TA|Win32.ActiveCfg = Release TA|Win32
		{C2942E95-FE5A-7140-C977-DD797E4C2798}.Release TA|Win32.Build.0 = Release TA|Win32
		{C2942E95-FE5A-7140-C977-DD797E4C2798}.Release|Win32.ActiveCfg = Release|Win32
		{C2942E95-FE5A-7140-C977-DD797E4C2798}.Release|Win32.Build.0 = Release|Win32
		{C2942E95-FE5A-7140-C977-DD797E4C2798}.vector|Win32.ActiveCfg = Release|Win32
		{C2942E95-FE5A-7140-C977-DD797E4C2798}.vector|Win32.Build.0 = Release|Win32
		{DCC93382-D162-ABBD-7422-E8E653E9B113}.Debug Alpha|Win32.ActiveCfg = Debug Alpha|Win32
		{DCC93382-D162-ABBD-7422-E8E653E9B113}.Debug Alpha|Win32.Build.0 = Debug Alpha|Win32
		{DCC93382-D162-ABBD-7422-E8E653E9B113}.Debug TA DEMO|Win32.ActiveCfg = Debug TA|Win32
		{DCC93382-D162-ABBD-7422-E8E653E9B113}.Debug TA DEMO|Win32.Build.0 = Debug TA|Win32
		{DCC93382-D162-ABBD-7422-E8E653E9B113}.Debug TA|Win32.ActiveCfg = Debug TA|Win32
		{DCC93382-D162-ABBD-7422-E8E653E9B113}.Debug TA|Win32.Build.0 = Debug TA|Win32
		{DCC93382-D162-ABBD-7422-E8E653E9B113}.Debug|Win32.ActiveCfg = Debug|Win32
		{DCC93382-D162-ABBD-7422-E8E653E9B113}.Debug|Win32.Build.0 = Debug|Win32
		{DCC93382-D162-ABBD-7422-E8E653E9B113}.Release Alpha|Win32.ActiveCfg = Release Alpha|Win32
		{DCC93382-D162-ABBD-7422-E8E653E9B113}.Release Alpha|Win32.Build.0 = Release Alpha|Win32
		{DCC93382-D162-ABBD-7422-E8E653E9B113}.Release TA DEMO|Win32.ActiveCfg = Release TA|Win32
		{DCC93382-D162-ABBD-7422-E8E653E9B113}.Release TA DEMO|Win32.Build.0 = Release TA|Win32
		{DCC93382-D162-ABBD-7422-E8E653E9B113}.Release TA|Win32.ActiveCfg = Release TA|Win32
		{DCC93382-D162-ABBD-7422-E8E653E9B113}.Release TA|Win32.Build.0 = Release TA|Win32
		{DCC93382-D162-ABBD-7422-E8E653E9B113}.Release|Win32.ActiveCfg = Release|Win32
		{DCC93382-D162-ABBD-7422-E8E653E9B113}.Release|Win32.Build.0 = Release|Win32
		{DCC93382-D162-ABBD-7422-E8E653E9B113}.vector|Win32.ActiveCfg = Release|Win32
		{DCC93382-D162-ABBD-7422-E8E653E9B113}.vector|Win32.Build.0 = Release|Win32
		{7BFACEC9-8824-80B0-DBA1-30A3B6C0B65B}.Debug Alpha|Win32.ActiveCfg = Debug TA|Win32
		{7BFACEC9-8824-80B0-DBA1-30A3B6C0B65B}.Debug Alpha|Win32.Build.0 = Debug TA|Win32
		{7BFACEC9-8824-80B0-DBA1-30A3B6C0B65B}.Debug TA DEMO|Win32.ActiveCfg = Debug TA|Win32
		{7BFACEC9-8824-80B0-DBA1-30A3B6C0B65B}.Debug TA DEMO|Win32.Build.0 = Debug TA|Win32
		{7BFACEC9-8824-80B0-DBA1-30A3B6C0B65B}.Debug TA|Win32.ActiveCfg = Debug TA|Win32
		{7BFACEC9-8824-80B0-DBA1-30A3B6C0B65B}.Debug TA|Win32.Build.0 = Debug TA|Win32
		{7BFACEC9-8824-80B0-DBA1-30A3B6C0B65B}.Debug|Win32.ActiveCfg = Debug|Win32
		{7BFACEC9-8824-80B0-DBA1-30A3B6C0B65B}.Debug|Win32.Build.0 = Debug|Win32
		{7BFACEC9-8824-80B0-DBA1-30A3B6C0B65B}.Release Alpha|Win32.ActiveCfg = Release TA|Win32
		{7BFACEC9-8824-80B0-DBA1-30A3B6C0B65B}.Release Alpha|Win32.Build.0 = Release TA|Win32
		{7BFACEC9-8824-80B0-DBA1-30A3B6C0B65B}.Release TA DEMO|Win32.ActiveCfg = Release TA|Win32
		{7BFACEC9-8824-80B0-DBA1-30A3B6C0B65B}.Release TA DEMO|Win32.Build.0 = Release TA|Win32
		{7BFACEC9-8824-80B0-DBA1-30A3B6C0B65B}.Release TA|Win32.ActiveCfg = Release TA|Win32
		{7BFACEC9-8824-80B0-DBA1-30A3B6C0B65B}.Release TA|Win32.Build.0 = Release TA|Win32
		{7BFACEC9-8824-80B0-DBA1-30A3B6C0B65B}.Release|Win32.ActiveCfg = Release|Win32
		{7BFACEC9-8824-80B0-DBA1-30A3B6C0B65B}.Release|Win32.Build.0 = Release|Win32
		{7BFACEC9-8824-80B0-DBA1-30A3B6C0B65B}.vector|Win32.ActiveCfg = vector|Win32
		{7BFACEC9-8824-80B0-DBA1-30A3B6C0B65B}.vector|Win32.Build.0 = vector|Win32
		{4C31F057-0BE2-CE0D-972F-13C15BB3B7F6}.Debug Alpha|Win32.ActiveCfg = Debug TA|Win32
		{4C31F057-0BE2-CE0D-972F-13C15BB3B7F6}.Debug Alpha|Win32.Build.0 = Debug TA|Win32
		{4C31F057-0BE2-CE0D-972F-13C15BB3B7F6}.Debug TA DEMO|Win32.ActiveCfg = Debug TA|Win32
		{4C31F057-0BE2-CE0D-972F-13C15BB3B7F6}.Debug TA DEMO|Win32.Build.0 = Debug TA|Win32
		{4C31F057-0BE2-CE0D-972F-13C15BB3B7F6}.Debug TA|Win32.ActiveCfg = Debug TA|Win32
		{4C31F057-0BE2-CE0D-972F-13C15BB3B7F6}.Debug TA|Win32.Build.0 = Debug TA|Win32
		{4C31F057-0BE2-CE0D-972F-13C15BB3B7F6}.Debug|Win32.ActiveCfg = Debug|Win32
		{4C31F057-0BE2-CE0D-972F-13C15BB3B7F6}.Debug|Win32.Build.0 = Debug|Win32
		{4C31F057-0BE2-CE0D-972F-13C15BB3B7F6}.Release Alpha|Win32.ActiveCfg = Release TA|Win32
		{4C31F057-0BE2-CE0D-972F-13C15BB3B7F6}.Release Alpha|Win32.Build.0 = Release TA|Win32
		{4C31F057-0BE2-CE0D-972F-13C15BB3B7F6}.Release TA DEMO|Win32.ActiveCfg = Release TA|Win32
		{4C31F057-0BE2-CE0D-972F-13C15BB3B7F6}.Release TA DEMO|Win32.Build.0 = Release TA|Win32
		{4C31F057-0BE2-CE0D-972F-13C15BB3B7F6}.Release TA|Win32.ActiveCfg = Release TA|Win32
		{4C31F057-0BE2-CE0D-972F-13C15BB3B7F6}.Release TA|Win32.Build.0 = Release TA|Win32
		{4C31F057-0BE2-CE0D-972F-13C15BB3B7F6}.Release|Win32.ActiveCfg = Release|Win32
		{4C31F057-0BE2-CE0D-972F-13C15BB3B7F6}.Release|Win32.Build.0 = Release|Win32
		{4C31F057-0BE2-CE0D-972F-13C15BB3B7F6}.vector|Win32.ActiveCfg = vector|Win32
		{4C31F057-0BE2-CE0D-972F-13C15BB3B7F6}.vector|Win32.Build.0 = vector|Win32
	EndGlobalSection
	GlobalSection(SolutionProperties) = preSolution
		HideSolutionNode = FALSE
	EndGlobalSection
EndGlobal
